
Microsoft Visual Studio Solution File, Format Version 12.00
# Visual Studio Version 17
VisualStudioVersion = 17.11.35327.3
MinimumVisualStudioVersion = 10.0.40219.1
Project("{FAE04EC0-301F-11D3-BF4B-00C04F79EFBC}") = "OnlineHotel.Web", "OnlineHotel.Web\OnlineHotel.Web.csproj", "{76F863A7-BE3A-4AD2-A2A5-54E30F2C132B}"
EndProject
Project("{FAE04EC0-301F-11D3-BF4B-00C04F79EFBC}") = "OnlineHotel.Models", "OnlineHotel.Models\OnlineHotel.Models.csproj", "{86DEA0EB-B240-4375-91D8-EDC52404FE74}"
EndProject
Project("{FAE04EC0-301F-11D3-BF4B-00C04F79EFBC}") = "OnlineHotel.Data", "OnlineHotel.BLL\OnlineHotel.Data.csproj", "{73E18B30-01E5-4512-96C5-5B412A086EF4}"
EndProject
Global
	GlobalSection(SolutionConfigurationPlatforms) = preSolution
		Debug|Any CPU = Debug|Any CPU
		Release|Any CPU = Release|Any CPU
	EndGlobalSection
	GlobalSection(ProjectConfigurationPlatforms) = postSolution
		{76F863A7-BE3A-4AD2-A2A5-54E30F2C132B}.Debug|Any CPU.ActiveCfg = Debug|Any CPU
		{76F863A7-BE3A-4AD2-A2A5-54E30F2C132B}.Debug|Any CPU.Build.0 = Debug|Any CPU
		{76F863A7-BE3A-4AD2-A2A5-54E30F2C132B}.Release|Any CPU.ActiveCfg = Release|Any CPU
		{76F863A7-BE3A-4AD2-A2A5-54E30F2C132B}.Release|Any CPU.Build.0 = Release|Any CPU
		{86DEA0EB-B240-4375-91D8-EDC52404FE74}.Debug|Any CPU.ActiveCfg = Debug|Any CPU
		{86DEA0EB-B240-4375-91D8-EDC52404FE74}.Debug|Any CPU.Build.0 = Debug|Any CPU
		{86DEA0EB-B240-4375-91D8-EDC52404FE74}.Release|Any CPU.ActiveCfg = Release|Any CPU
		{86DEA0EB-B240-4375-91D8-EDC52404FE74}.Release|Any CPU.Build.0 = Release|Any CPU
		{73E18B30-01E5-4512-96C5-5B412A086EF4}.Debug|Any CPU.ActiveCfg = Debug|Any CPU
		{73E18B30-01E5-4512-96C5-5B412A086EF4}.Debug|Any CPU.Build.0 = Debug|Any CPU
		{73E18B30-01E5-4512-96C5-5B412A086EF4}.Release|Any CPU.ActiveCfg = Release|Any CPU
		{73E18B30-01E5-4512-96C5-5B412A086EF4}.Release|Any CPU.Build.0 = Release|Any CPU
	EndGlobalSection
	GlobalSection(SolutionProperties) = preSolution
		HideSolutionNode = FALSE
	EndGlobalSection
	GlobalSection(ExtensibilityGlobals) = postSolution
		SolutionGuid = {32ACA81B-D5B4-4FC9-890B-E72CCFA21D30}
	EndGlobalSection
EndGlobal
